// !$*UTF8*$!
{
	archiveVersion = 1;
	classes = {
	};
	objectVersion = 54;
	objects = {

/* Begin PBXBuildFile section */
		023E7A8B059ECD43C9936A95 /* SpinUITestsLaunchTests.swift in Sources */ = {isa = PBXBuildFile; fileRef = 280B8B3DC648705C646B316F /* SpinUITestsLaunchTests.swift */; };
		04C3910CBE1B91E63E7ED7A2 /* AppDelegate.swift in Sources */ = {isa = PBXBuildFile; fileRef = 244CC314B9E59A9C97420A20 /* AppDelegate.swift */; };
		0B7CBA310B11C5BB31FC9422 /* SpinApp.swift in Sources */ = {isa = PBXBuildFile; fileRef = 1E6DBEF2C370158A139D205E /* SpinApp.swift */; };
		0CECB721E301C953FFE7E68C /* ReaderTagPill.swift in Sources */ = {isa = PBXBuildFile; fileRef = 819E6FC5944D913820F5F8E9 /* ReaderTagPill.swift */; };
		0FF0FBCF5AAA35EB8FE6C585 /* ScrollTextView+Pagination.swift in Sources */ = {isa = PBXBuildFile; fileRef = 40C85DCFECDF1DB621AD739E /* ScrollTextView+Pagination.swift */; };
		171C5EC0E986DEBE88558167 /* SpinUITests.swift in Sources */ = {isa = PBXBuildFile; fileRef = 555A9AA98833F85A2E667573 /* SpinUITests.swift */; };
		1D41A129AD5604B8A17A1F83 /* ScrollTextView+Chapters.swift in Sources */ = {isa = PBXBuildFile; fileRef = 5DE67C712A0481369D3D790E /* ScrollTextView+Chapters.swift */; };
		2256E94A5D3693CD4AE97057 /* ScrollInputViews.swift in Sources */ = {isa = PBXBuildFile; fileRef = 9965582666A149C761267CDE /* ScrollInputViews.swift */; };
		2C20F943CCC15B45AB2480E6 /* EpubLibraryView.swift in Sources */ = {isa = PBXBuildFile; fileRef = A9F9EDFD087441380ACB497E /* EpubLibraryView.swift */; };
		2E4096303B3515FBFEE1A2EE /* Paginator.swift in Sources */ = {isa = PBXBuildFile; fileRef = BB7FB5F5E3BDAB6C10CBC24A /* Paginator.swift */; };
		32817F46D9C99D8C53547611 /* PanelActionsSettingsView.swift in Sources */ = {isa = PBXBuildFile; fileRef = 96839001ED8847AB3E31287E /* PanelActionsSettingsView.swift */; };
		3975A2A7995E82A12596BD46 /* KokoroTTSEngine.swift in Sources */ = {isa = PBXBuildFile; fileRef = BE14765183FA3E297A1DC153 /* KokoroTTSEngine.swift */; };
		3D3B61240264B1470699CFA0 /* SettingsView.swift in Sources */ = {isa = PBXBuildFile; fileRef = 824245CC5F13EACD7CFCB8F8 /* SettingsView.swift */; };
		4164ABF4568234949AD132AF /* Config.swift in Sources */ = {isa = PBXBuildFile; fileRef = 16C5E5F3D7E21E592A851242 /* Config.swift */; };
		47C31C21F7BEEAEE65C959D7 /* Assets.xcassets in Resources */ = {isa = PBXBuildFile; fileRef = B8C2821EE55C5AD6773ED71C /* Assets.xcassets */; };
		4879BDFAEEF07E58309061D2 /* ReaderContentViews.swift in Sources */ = {isa = PBXBuildFile; fileRef = 0EBA3FBBD27DED12803F8085 /* ReaderContentViews.swift */; };
		63D6FC710829F1F899DDF039 /* Models.swift in Sources */ = {isa = PBXBuildFile; fileRef = E55BEE1BE155E70B87D6E48C /* Models.swift */; };
		65DD78710C6BC882FFCA6C48 /* ScrollTextView+AttributedText.swift in Sources */ = {isa = PBXBuildFile; fileRef = BF805B39867A0BCE8A172ECC /* ScrollTextView+AttributedText.swift */; };
		6AD150376974E0D2CCF4F7C9 /* EpubParser.swift in Sources */ = {isa = PBXBuildFile; fileRef = 9EC98AFB877549811CD73826 /* EpubParser.swift */; };
		6AD8816A6B0810A601ECB62A /* ReaderSettings.swift in Sources */ = {isa = PBXBuildFile; fileRef = 9890C234F5B38111DBBA0AE5 /* ReaderSettings.swift */; };
		6C5F756CBE5880EFB348E536 /* ReaderSettingsSheet.swift in Sources */ = {isa = PBXBuildFile; fileRef = 79326A8051DC88E0961A8E54 /* ReaderSettingsSheet.swift */; };
		6FA32A38C66DCCC765BDBEF1 /* LiquidGlass.swift in Sources */ = {isa = PBXBuildFile; fileRef = D0E864B792179C0ECDC3B94E /* LiquidGlass.swift */; };
		72B235AF885DD1D1407FC8DA /* SpinTests.swift in Sources */ = {isa = PBXBuildFile; fileRef = 15863A718A24869A18BD8340 /* SpinTests.swift */; };
		7468F1A1ACE3C9FD55230FF9 /* KokoroDownloadSheet.swift in Sources */ = {isa = PBXBuildFile; fileRef = 26EF7A685AF5D8A97408288B /* KokoroDownloadSheet.swift */; };
		750BB4082C90718C043FEA6F /* OpenAI in Frameworks */ = {isa = PBXBuildFile; productRef = 6225A5B46208F450EB102AC4 /* OpenAI */; };
		7EE153032F87D12DDB56A51C /* ReadableItem+Classification.swift in Sources */ = {isa = PBXBuildFile; fileRef = 8A98CD6C3F8B0DBFC2670BD3 /* ReadableItem+Classification.swift */; };
		818CD9EC5CEBD5C322C7C561 /* UXTeamofOne.epub in Resources */ = {isa = PBXBuildFile; fileRef = 1E5CAA4D526A26418C07CB5A /* UXTeamofOne.epub */; };
		8C3163B03E9A367FB557DA44 /* HighlightableTextView.swift in Sources */ = {isa = PBXBuildFile; fileRef = 5BEBA0672B53D6527FC022DD /* HighlightableTextView.swift */; };
		8DBF85C56915F036BED35A46 /* CurrentQuestionView.swift in Sources */ = {isa = PBXBuildFile; fileRef = 010694351C3B0BE06E7217E8 /* CurrentQuestionView.swift */; };
		919626ED5483272DC7DD2652 /* KokoroSwift in Frameworks */ = {isa = PBXBuildFile; productRef = 95ABC8680AE69D850F94AD23 /* KokoroSwift */; };
		9328AD8C44CD20B3B5BD76F2 /* EmojiColorExtractor.swift in Sources */ = {isa = PBXBuildFile; fileRef = D4640923A2F464C7435628CE /* EmojiColorExtractor.swift */; };
		9F4D08315CFA403590F387CA /* ScrollTextView+ContentRendering.swift in Sources */ = {isa = PBXBuildFile; fileRef = 2241C458D35528A038EAE7C4 /* ScrollTextView+ContentRendering.swift */; };
		A23151C8E9A472A61A2245AE /* MLXUtilsLibrary in Frameworks */ = {isa = PBXBuildFile; productRef = 182627D19FF1A8C99DB0BB12 /* MLXUtilsLibrary */; };
		A5CBAC45CCDF8CF7A9E315A2 /* KokoroVoices.swift in Sources */ = {isa = PBXBuildFile; fileRef = CBF49DBD0D8E34B359D7E06B /* KokoroVoices.swift */; };
		A9A0B113B6D7361D2ED26F42 /* HighlightsListView.swift in Sources */ = {isa = PBXBuildFile; fileRef = 70562CEDAC69322951D76474 /* HighlightsListView.swift */; };
		B6531C56E7F53620DF034242 /* ScrollTextView+Highlights.swift in Sources */ = {isa = PBXBuildFile; fileRef = E700A7CF2FF7006E8FE18AFE /* ScrollTextView+Highlights.swift */; };
		BD529FBF973641B3AA7AFFAC /* CircularReaderButton.swift in Sources */ = {isa = PBXBuildFile; fileRef = 9FA3FF46EF90EA17B85BAC58 /* CircularReaderButton.swift */; };
		D1DE22B93465E527BF6E269E /* KokoroModelManager.swift in Sources */ = {isa = PBXBuildFile; fileRef = CC0A85E80C5FB8D44CF46D49 /* KokoroModelManager.swift */; };
		D6E62A17CE2F4DF65053087E /* ScrollTextView+Analysis.swift in Sources */ = {isa = PBXBuildFile; fileRef = 31D63BC5A3B0EBAD515446C8 /* ScrollTextView+Analysis.swift */; };
		DFC5DA7DA543B46EDFFDAEAD /* ScrollTextView.swift in Sources */ = {isa = PBXBuildFile; fileRef = DD95C47247F9A942E420D6A3 /* ScrollTextView.swift */; };
		E9A40FF5626A9FB4BC13F6A9 /* TrackpadSurface.swift in Sources */ = {isa = PBXBuildFile; fileRef = A87BCCC8BD100C4230F823EF /* TrackpadSurface.swift */; };
		F214942FD7EDC02E62BA74ED /* voices.npz in Resources */ = {isa = PBXBuildFile; fileRef = 79C757C174C85CC26D561DFD /* voices.npz */; };
		F2B26A4D534154D490750E03 /* ScrollState.swift in Sources */ = {isa = PBXBuildFile; fileRef = 4E8B463DE1593C722957A035 /* ScrollState.swift */; };
		F83589C8749C2020027AD0DD /* Preview Assets.xcassets in Resources */ = {isa = PBXBuildFile; fileRef = 60954BBD2DD7CE2BAE639828 /* Preview Assets.xcassets */; };
		F8FFCCED2F28AA90380CBF58 /* ControlPanel.swift in Sources */ = {isa = PBXBuildFile; fileRef = 6DF9AEE3F3F5F968AF732828 /* ControlPanel.swift */; };
		FD03F009BD7431F4512AE639 /* KokoroSwift in Embed Frameworks */ = {isa = PBXBuildFile; productRef = 95ABC8680AE69D850F94AD23 /* KokoroSwift */; settings = {ATTRIBUTES = (CodeSignOnCopy, RemoveHeadersOnCopy, ); }; };
		FF5496F6CDEB3D5355CFDA96 /* ActionPill.swift in Sources */ = {isa = PBXBuildFile; fileRef = 0FC182CA01D2208DFECBAB5C /* ActionPill.swift */; };
		FF9E2AF9A9D807F32EB3CACA /* MLX in Frameworks */ = {isa = PBXBuildFile; productRef = 81A96CC0E6E31CFC947832EE /* MLX */; };
/* End PBXBuildFile section */

/* Begin PBXContainerItemProxy section */
		8CF1E5E3157BB2E7522972F9 /* PBXContainerItemProxy */ = {
			isa = PBXContainerItemProxy;
			containerPortal = 11411B869AA4F318B1E2DF60 /* Project object */;
			proxyType = 1;
			remoteGlobalIDString = 77DA0374B3416EEC25AA99BC;
			remoteInfo = Spin;
		};
		B7A1ACA026C88C08B907151A /* PBXContainerItemProxy */ = {
			isa = PBXContainerItemProxy;
			containerPortal = 11411B869AA4F318B1E2DF60 /* Project object */;
			proxyType = 1;
			remoteGlobalIDString = 77DA0374B3416EEC25AA99BC;
			remoteInfo = Spin;
		};
/* End PBXContainerItemProxy section */

/* Begin PBXCopyFilesBuildPhase section */
		9C9A397C9FB015A8D5BB4CB1 /* Embed Frameworks */ = {
			isa = PBXCopyFilesBuildPhase;
			buildActionMask = 2147483647;
			dstPath = "";
			dstSubfolderSpec = 10;
			files = (
				FD03F009BD7431F4512AE639 /* KokoroSwift in Embed Frameworks */,
			);
			name = "Embed Frameworks";
			runOnlyForDeploymentPostprocessing = 0;
		};
/* End PBXCopyFilesBuildPhase section */

/* Begin PBXFileReference section */
		010694351C3B0BE06E7217E8 /* CurrentQuestionView.swift */ = {isa = PBXFileReference; lastKnownFileType = sourcecode.swift; path = CurrentQuestionView.swift; sourceTree = "<group>"; };
		0EBA3FBBD27DED12803F8085 /* ReaderContentViews.swift */ = {isa = PBXFileReference; lastKnownFileType = sourcecode.swift; path = ReaderContentViews.swift; sourceTree = "<group>"; };
		0FC182CA01D2208DFECBAB5C /* ActionPill.swift */ = {isa = PBXFileReference; lastKnownFileType = sourcecode.swift; path = ActionPill.swift; sourceTree = "<group>"; };
		15863A718A24869A18BD8340 /* SpinTests.swift */ = {isa = PBXFileReference; lastKnownFileType = sourcecode.swift; path = SpinTests.swift; sourceTree = "<group>"; };
		16C5E5F3D7E21E592A851242 /* Config.swift */ = {isa = PBXFileReference; lastKnownFileType = sourcecode.swift; path = Config.swift; sourceTree = "<group>"; };
		1E5CAA4D526A26418C07CB5A /* UXTeamofOne.epub */ = {isa = PBXFileReference; path = UXTeamofOne.epub; sourceTree = "<group>"; };
		1E6DBEF2C370158A139D205E /* SpinApp.swift */ = {isa = PBXFileReference; lastKnownFileType = sourcecode.swift; path = SpinApp.swift; sourceTree = "<group>"; };
		2241C458D35528A038EAE7C4 /* ScrollTextView+ContentRendering.swift */ = {isa = PBXFileReference; lastKnownFileType = sourcecode.swift; path = "ScrollTextView+ContentRendering.swift"; sourceTree = "<group>"; };
		244CC314B9E59A9C97420A20 /* AppDelegate.swift */ = {isa = PBXFileReference; lastKnownFileType = sourcecode.swift; path = AppDelegate.swift; sourceTree = "<group>"; };
		26EF7A685AF5D8A97408288B /* KokoroDownloadSheet.swift */ = {isa = PBXFileReference; lastKnownFileType = sourcecode.swift; path = KokoroDownloadSheet.swift; sourceTree = "<group>"; };
		280B8B3DC648705C646B316F /* SpinUITestsLaunchTests.swift */ = {isa = PBXFileReference; lastKnownFileType = sourcecode.swift; path = SpinUITestsLaunchTests.swift; sourceTree = "<group>"; };
		31D63BC5A3B0EBAD515446C8 /* ScrollTextView+Analysis.swift */ = {isa = PBXFileReference; lastKnownFileType = sourcecode.swift; path = "ScrollTextView+Analysis.swift"; sourceTree = "<group>"; };
		40C85DCFECDF1DB621AD739E /* ScrollTextView+Pagination.swift */ = {isa = PBXFileReference; lastKnownFileType = sourcecode.swift; path = "ScrollTextView+Pagination.swift"; sourceTree = "<group>"; };
		4E8B463DE1593C722957A035 /* ScrollState.swift */ = {isa = PBXFileReference; lastKnownFileType = sourcecode.swift; path = ScrollState.swift; sourceTree = "<group>"; };
		5379D0CFF1B4BE3E9175B6D1 /* Spin.app */ = {isa = PBXFileReference; includeInIndex = 0; lastKnownFileType = wrapper.application; path = Spin.app; sourceTree = BUILT_PRODUCTS_DIR; };
		555A9AA98833F85A2E667573 /* SpinUITests.swift */ = {isa = PBXFileReference; lastKnownFileType = sourcecode.swift; path = SpinUITests.swift; sourceTree = "<group>"; };
		5BEBA0672B53D6527FC022DD /* HighlightableTextView.swift */ = {isa = PBXFileReference; lastKnownFileType = sourcecode.swift; path = HighlightableTextView.swift; sourceTree = "<group>"; };
		5DE67C712A0481369D3D790E /* ScrollTextView+Chapters.swift */ = {isa = PBXFileReference; lastKnownFileType = sourcecode.swift; path = "ScrollTextView+Chapters.swift"; sourceTree = "<group>"; };
		60954BBD2DD7CE2BAE639828 /* Preview Assets.xcassets */ = {isa = PBXFileReference; lastKnownFileType = folder.assetcatalog; path = "Preview Assets.xcassets"; sourceTree = "<group>"; };
		6DF9AEE3F3F5F968AF732828 /* ControlPanel.swift */ = {isa = PBXFileReference; lastKnownFileType = sourcecode.swift; path = ControlPanel.swift; sourceTree = "<group>"; };
		70562CEDAC69322951D76474 /* HighlightsListView.swift */ = {isa = PBXFileReference; lastKnownFileType = sourcecode.swift; path = HighlightsListView.swift; sourceTree = "<group>"; };
		79326A8051DC88E0961A8E54 /* ReaderSettingsSheet.swift */ = {isa = PBXFileReference; lastKnownFileType = sourcecode.swift; path = ReaderSettingsSheet.swift; sourceTree = "<group>"; };
		79C757C174C85CC26D561DFD /* voices.npz */ = {isa = PBXFileReference; path = voices.npz; sourceTree = "<group>"; };
		819E6FC5944D913820F5F8E9 /* ReaderTagPill.swift */ = {isa = PBXFileReference; lastKnownFileType = sourcecode.swift; path = ReaderTagPill.swift; sourceTree = "<group>"; };
		824245CC5F13EACD7CFCB8F8 /* SettingsView.swift */ = {isa = PBXFileReference; lastKnownFileType = sourcecode.swift; path = SettingsView.swift; sourceTree = "<group>"; };
		88EC997BEDF2681558457F31 /* SpinUITests.xctest */ = {isa = PBXFileReference; includeInIndex = 0; lastKnownFileType = wrapper.cfbundle; path = SpinUITests.xctest; sourceTree = BUILT_PRODUCTS_DIR; };
		8A98CD6C3F8B0DBFC2670BD3 /* ReadableItem+Classification.swift */ = {isa = PBXFileReference; lastKnownFileType = sourcecode.swift; path = "ReadableItem+Classification.swift"; sourceTree = "<group>"; };
		96839001ED8847AB3E31287E /* PanelActionsSettingsView.swift */ = {isa = PBXFileReference; lastKnownFileType = sourcecode.swift; path = PanelActionsSettingsView.swift; sourceTree = "<group>"; };
		9890C234F5B38111DBBA0AE5 /* ReaderSettings.swift */ = {isa = PBXFileReference; lastKnownFileType = sourcecode.swift; path = ReaderSettings.swift; sourceTree = "<group>"; };
		9965582666A149C761267CDE /* ScrollInputViews.swift */ = {isa = PBXFileReference; lastKnownFileType = sourcecode.swift; path = ScrollInputViews.swift; sourceTree = "<group>"; };
		9EC98AFB877549811CD73826 /* EpubParser.swift */ = {isa = PBXFileReference; lastKnownFileType = sourcecode.swift; path = EpubParser.swift; sourceTree = "<group>"; };
		9FA3FF46EF90EA17B85BAC58 /* CircularReaderButton.swift */ = {isa = PBXFileReference; lastKnownFileType = sourcecode.swift; path = CircularReaderButton.swift; sourceTree = "<group>"; };
		A87BCCC8BD100C4230F823EF /* TrackpadSurface.swift */ = {isa = PBXFileReference; lastKnownFileType = sourcecode.swift; path = TrackpadSurface.swift; sourceTree = "<group>"; };
		A9F9EDFD087441380ACB497E /* EpubLibraryView.swift */ = {isa = PBXFileReference; lastKnownFileType = sourcecode.swift; path = EpubLibraryView.swift; sourceTree = "<group>"; };
		B8C2821EE55C5AD6773ED71C /* Assets.xcassets */ = {isa = PBXFileReference; lastKnownFileType = folder.assetcatalog; path = Assets.xcassets; sourceTree = "<group>"; };
		BB7FB5F5E3BDAB6C10CBC24A /* Paginator.swift */ = {isa = PBXFileReference; lastKnownFileType = sourcecode.swift; path = Paginator.swift; sourceTree = "<group>"; };
		BE14765183FA3E297A1DC153 /* KokoroTTSEngine.swift */ = {isa = PBXFileReference; lastKnownFileType = sourcecode.swift; path = KokoroTTSEngine.swift; sourceTree = "<group>"; };
		BF805B39867A0BCE8A172ECC /* ScrollTextView+AttributedText.swift */ = {isa = PBXFileReference; lastKnownFileType = sourcecode.swift; path = "ScrollTextView+AttributedText.swift"; sourceTree = "<group>"; };
		CBF49DBD0D8E34B359D7E06B /* KokoroVoices.swift */ = {isa = PBXFileReference; lastKnownFileType = sourcecode.swift; path = KokoroVoices.swift; sourceTree = "<group>"; };
		CC0A85E80C5FB8D44CF46D49 /* KokoroModelManager.swift */ = {isa = PBXFileReference; lastKnownFileType = sourcecode.swift; path = KokoroModelManager.swift; sourceTree = "<group>"; };
		D0E864B792179C0ECDC3B94E /* LiquidGlass.swift */ = {isa = PBXFileReference; lastKnownFileType = sourcecode.swift; path = LiquidGlass.swift; sourceTree = "<group>"; };
		D4640923A2F464C7435628CE /* EmojiColorExtractor.swift */ = {isa = PBXFileReference; lastKnownFileType = sourcecode.swift; path = EmojiColorExtractor.swift; sourceTree = "<group>"; };
		DD95C47247F9A942E420D6A3 /* ScrollTextView.swift */ = {isa = PBXFileReference; lastKnownFileType = sourcecode.swift; path = ScrollTextView.swift; sourceTree = "<group>"; };
		E4698ECE0A5FF93A040B5291 /* SpinTests.xctest */ = {isa = PBXFileReference; includeInIndex = 0; lastKnownFileType = wrapper.cfbundle; path = SpinTests.xctest; sourceTree = BUILT_PRODUCTS_DIR; };
		E55BEE1BE155E70B87D6E48C /* Models.swift */ = {isa = PBXFileReference; lastKnownFileType = sourcecode.swift; path = Models.swift; sourceTree = "<group>"; };
		E700A7CF2FF7006E8FE18AFE /* ScrollTextView+Highlights.swift */ = {isa = PBXFileReference; lastKnownFileType = sourcecode.swift; path = "ScrollTextView+Highlights.swift"; sourceTree = "<group>"; };
/* End PBXFileReference section */

/* Begin PBXFrameworksBuildPhase section */
		192829E854EC275AC67D4FB0 /* Frameworks */ = {
			isa = PBXFrameworksBuildPhase;
			buildActionMask = 2147483647;
			files = (
				750BB4082C90718C043FEA6F /* OpenAI in Frameworks */,
				919626ED5483272DC7DD2652 /* KokoroSwift in Frameworks */,
				A23151C8E9A472A61A2245AE /* MLXUtilsLibrary in Frameworks */,
				FF9E2AF9A9D807F32EB3CACA /* MLX in Frameworks */,
			);
			runOnlyForDeploymentPostprocessing = 0;
		};
/* End PBXFrameworksBuildPhase section */

/* Begin PBXGroup section */
		0DD146B77B67F44A203920F7 /* Preview Content */ = {
			isa = PBXGroup;
			children = (
				60954BBD2DD7CE2BAE639828 /* Preview Assets.xcassets */,
			);
			path = "Preview Content";
			sourceTree = "<group>";
		};
		3AE181C481C1863CB7148DCB /* Resources */ = {
			isa = PBXGroup;
			children = (
				1E5CAA4D526A26418C07CB5A /* UXTeamofOne.epub */,
				79C757C174C85CC26D561DFD /* voices.npz */,
			);
			path = Resources;
			sourceTree = "<group>";
		};
		73A96AC97C915EB3E44A0F60 /* Controls */ = {
			isa = PBXGroup;
			children = (
				0FC182CA01D2208DFECBAB5C /* ActionPill.swift */,
				9FA3FF46EF90EA17B85BAC58 /* CircularReaderButton.swift */,
				6DF9AEE3F3F5F968AF732828 /* ControlPanel.swift */,
				010694351C3B0BE06E7217E8 /* CurrentQuestionView.swift */,
				D0E864B792179C0ECDC3B94E /* LiquidGlass.swift */,
				819E6FC5944D913820F5F8E9 /* ReaderTagPill.swift */,
				A87BCCC8BD100C4230F823EF /* TrackpadSurface.swift */,
			);
			path = Controls;
			sourceTree = "<group>";
		};
		88EC726508C4C6E1C6F55502 /* SpinTests */ = {
			isa = PBXGroup;
			children = (
				15863A718A24869A18BD8340 /* SpinTests.swift */,
			);
			path = SpinTests;
			sourceTree = "<group>";
		};
		8EE26347464DA498A93972D8 /* Spin */ = {
			isa = PBXGroup;
			children = (
				244CC314B9E59A9C97420A20 /* AppDelegate.swift */,
				B8C2821EE55C5AD6773ED71C /* Assets.xcassets */,
				16C5E5F3D7E21E592A851242 /* Config.swift */,
				D4640923A2F464C7435628CE /* EmojiColorExtractor.swift */,
				A9F9EDFD087441380ACB497E /* EpubLibraryView.swift */,
				9EC98AFB877549811CD73826 /* EpubParser.swift */,
				5BEBA0672B53D6527FC022DD /* HighlightableTextView.swift */,
				70562CEDAC69322951D76474 /* HighlightsListView.swift */,
				26EF7A685AF5D8A97408288B /* KokoroDownloadSheet.swift */,
				CC0A85E80C5FB8D44CF46D49 /* KokoroModelManager.swift */,
				BE14765183FA3E297A1DC153 /* KokoroTTSEngine.swift */,
				CBF49DBD0D8E34B359D7E06B /* KokoroVoices.swift */,
				E55BEE1BE155E70B87D6E48C /* Models.swift */,
				BB7FB5F5E3BDAB6C10CBC24A /* Paginator.swift */,
				96839001ED8847AB3E31287E /* PanelActionsSettingsView.swift */,
				8A98CD6C3F8B0DBFC2670BD3 /* ReadableItem+Classification.swift */,
				0EBA3FBBD27DED12803F8085 /* ReaderContentViews.swift */,
				9890C234F5B38111DBBA0AE5 /* ReaderSettings.swift */,
				79326A8051DC88E0961A8E54 /* ReaderSettingsSheet.swift */,
				9965582666A149C761267CDE /* ScrollInputViews.swift */,
				4E8B463DE1593C722957A035 /* ScrollState.swift */,
				DD95C47247F9A942E420D6A3 /* ScrollTextView.swift */,
				31D63BC5A3B0EBAD515446C8 /* ScrollTextView+Analysis.swift */,
				BF805B39867A0BCE8A172ECC /* ScrollTextView+AttributedText.swift */,
				5DE67C712A0481369D3D790E /* ScrollTextView+Chapters.swift */,
				2241C458D35528A038EAE7C4 /* ScrollTextView+ContentRendering.swift */,
				E700A7CF2FF7006E8FE18AFE /* ScrollTextView+Highlights.swift */,
				40C85DCFECDF1DB621AD739E /* ScrollTextView+Pagination.swift */,
				824245CC5F13EACD7CFCB8F8 /* SettingsView.swift */,
				1E6DBEF2C370158A139D205E /* SpinApp.swift */,
				73A96AC97C915EB3E44A0F60 /* Controls */,
				0DD146B77B67F44A203920F7 /* Preview Content */,
				3AE181C481C1863CB7148DCB /* Resources */,
			);
			path = Spin;
			sourceTree = "<group>";
		};
		90CB941DF4055CB1E35EDBD6 /* SpinUITests */ = {
			isa = PBXGroup;
			children = (
				555A9AA98833F85A2E667573 /* SpinUITests.swift */,
				280B8B3DC648705C646B316F /* SpinUITestsLaunchTests.swift */,
			);
			path = SpinUITests;
			sourceTree = "<group>";
		};
		E535285C9A6207D7264C9A0E = {
			isa = PBXGroup;
			children = (
				8EE26347464DA498A93972D8 /* Spin */,
				88EC726508C4C6E1C6F55502 /* SpinTests */,
				90CB941DF4055CB1E35EDBD6 /* SpinUITests */,
				F09D4FC3231AE27AAAE7796B /* Products */,
			);
			sourceTree = "<group>";
		};
		F09D4FC3231AE27AAAE7796B /* Products */ = {
			isa = PBXGroup;
			children = (
				5379D0CFF1B4BE3E9175B6D1 /* Spin.app */,
				E4698ECE0A5FF93A040B5291 /* SpinTests.xctest */,
				88EC997BEDF2681558457F31 /* SpinUITests.xctest */,
			);
			name = Products;
			sourceTree = "<group>";
		};
/* End PBXGroup section */

/* Begin PBXNativeTarget section */
		6A3727CE31FBB7AB16F74EA2 /* SpinTests */ = {
			isa = PBXNativeTarget;
			buildConfigurationList = 569AF66956BEFC0D7A4B70E7 /* Build configuration list for PBXNativeTarget "SpinTests" */;
			buildPhases = (
				5165D6066158E407FE4F7907 /* Sources */,
			);
			buildRules = (
			);
			dependencies = (
				6CC1D6E02A43F5E922D7ED03 /* PBXTargetDependency */,
			);
			name = SpinTests;
			productName = SpinTests;
			productReference = E4698ECE0A5FF93A040B5291 /* SpinTests.xctest */;
			productType = "com.apple.product-type.bundle.unit-test";
		};
		77DA0374B3416EEC25AA99BC /* Spin */ = {
			isa = PBXNativeTarget;
			buildConfigurationList = DBE517A032C4C16668F06129 /* Build configuration list for PBXNativeTarget "Spin" */;
			buildPhases = (
				6574B46424269A10B9964311 /* Sources */,
				9D52833E515154AAA542B929 /* Resources */,
				192829E854EC275AC67D4FB0 /* Frameworks */,
				9C9A397C9FB015A8D5BB4CB1 /* Embed Frameworks */,
			);
			buildRules = (
			);
			dependencies = (
			);
			name = Spin;
			packageProductDependencies = (
				6225A5B46208F450EB102AC4 /* OpenAI */,
				95ABC8680AE69D850F94AD23 /* KokoroSwift */,
				182627D19FF1A8C99DB0BB12 /* MLXUtilsLibrary */,
				81A96CC0E6E31CFC947832EE /* MLX */,
			);
			productName = Spin;
			productReference = 5379D0CFF1B4BE3E9175B6D1 /* Spin.app */;
			productType = "com.apple.product-type.application";
		};
		ADD116A5CD319106F7F3BC9D /* SpinUITests */ = {
			isa = PBXNativeTarget;
			buildConfigurationList = 8D9FF6536C25A671EBA88259 /* Build configuration list for PBXNativeTarget "SpinUITests" */;
			buildPhases = (
				3A0112B4826A3F803036F8D8 /* Sources */,
			);
			buildRules = (
			);
			dependencies = (
				F849B12023AE2380F0CA037A /* PBXTargetDependency */,
			);
			name = SpinUITests;
			productName = SpinUITests;
			productReference = 88EC997BEDF2681558457F31 /* SpinUITests.xctest */;
			productType = "com.apple.product-type.bundle.ui-testing";
		};
/* End PBXNativeTarget section */

/* Begin PBXProject section */
		11411B869AA4F318B1E2DF60 /* Project object */ = {
			isa = PBXProject;
			attributes = {
				BuildIndependentTargetsInParallel = YES;
				LastUpgradeCheck = 1620;
				TargetAttributes = {
					77DA0374B3416EEC25AA99BC = {
						DevelopmentTeam = 72P6RBSM9C;
						ProvisioningStyle = Automatic;
					};
					ADD116A5CD319106F7F3BC9D = {
						TestTargetID = 77DA0374B3416EEC25AA99BC;
					};
				};
			};
			buildConfigurationList = E44DDBF95332A980FFDFC3EA /* Build configuration list for PBXProject "intelligent-ui-spinreader" */;
			compatibilityVersion = "Xcode 14.0";
			developmentRegion = en;
			hasScannedForEncodings = 0;
			knownRegions = (
				Base,
				en,
			);
			mainGroup = E535285C9A6207D7264C9A0E;
			packageReferences = (
				28F1A23BA2094EA27E1F6E24 /* XCRemoteSwiftPackageReference "kokoro-ios" */,
				2208CDB6FC58EA96E89944B0 /* XCRemoteSwiftPackageReference "MLXUtilsLibrary" */,
				8D882C1D384CEAD969C8C90C /* XCRemoteSwiftPackageReference "OpenAI" */,
				EBE3D92551CB31D49C88EB2C /* XCRemoteSwiftPackageReference "mlx-swift" */,
			);
			projectDirPath = "";
			projectRoot = "";
			targets = (
				77DA0374B3416EEC25AA99BC /* Spin */,
				6A3727CE31FBB7AB16F74EA2 /* SpinTests */,
				ADD116A5CD319106F7F3BC9D /* SpinUITests */,
			);
		};
/* End PBXProject section */

/* Begin PBXResourcesBuildPhase section */
		9D52833E515154AAA542B929 /* Resources */ = {
			isa = PBXResourcesBuildPhase;
			buildActionMask = 2147483647;
			files = (
				47C31C21F7BEEAEE65C959D7 /* Assets.xcassets in Resources */,
				F83589C8749C2020027AD0DD /* Preview Assets.xcassets in Resources */,
				818CD9EC5CEBD5C322C7C561 /* UXTeamofOne.epub in Resources */,
				F214942FD7EDC02E62BA74ED /* voices.npz in Resources */,
			);
			runOnlyForDeploymentPostprocessing = 0;
		};
/* End PBXResourcesBuildPhase section */

/* Begin PBXSourcesBuildPhase section */
		3A0112B4826A3F803036F8D8 /* Sources */ = {
			isa = PBXSourcesBuildPhase;
			buildActionMask = 2147483647;
			files = (
				171C5EC0E986DEBE88558167 /* SpinUITests.swift in Sources */,
				023E7A8B059ECD43C9936A95 /* SpinUITestsLaunchTests.swift in Sources */,
			);
			runOnlyForDeploymentPostprocessing = 0;
		};
		5165D6066158E407FE4F7907 /* Sources */ = {
			isa = PBXSourcesBuildPhase;
			buildActionMask = 2147483647;
			files = (
				72B235AF885DD1D1407FC8DA /* SpinTests.swift in Sources */,
			);
			runOnlyForDeploymentPostprocessing = 0;
		};
		6574B46424269A10B9964311 /* Sources */ = {
			isa = PBXSourcesBuildPhase;
			buildActionMask = 2147483647;
			files = (
				FF5496F6CDEB3D5355CFDA96 /* ActionPill.swift in Sources */,
				04C3910CBE1B91E63E7ED7A2 /* AppDelegate.swift in Sources */,
				BD529FBF973641B3AA7AFFAC /* CircularReaderButton.swift in Sources */,
				4164ABF4568234949AD132AF /* Config.swift in Sources */,
				F8FFCCED2F28AA90380CBF58 /* ControlPanel.swift in Sources */,
				8DBF85C56915F036BED35A46 /* CurrentQuestionView.swift in Sources */,
				9328AD8C44CD20B3B5BD76F2 /* EmojiColorExtractor.swift in Sources */,
				2C20F943CCC15B45AB2480E6 /* EpubLibraryView.swift in Sources */,
				6AD150376974E0D2CCF4F7C9 /* EpubParser.swift in Sources */,
				8C3163B03E9A367FB557DA44 /* HighlightableTextView.swift in Sources */,
				A9A0B113B6D7361D2ED26F42 /* HighlightsListView.swift in Sources */,
				7468F1A1ACE3C9FD55230FF9 /* KokoroDownloadSheet.swift in Sources */,
				D1DE22B93465E527BF6E269E /* KokoroModelManager.swift in Sources */,
				3975A2A7995E82A12596BD46 /* KokoroTTSEngine.swift in Sources */,
				A5CBAC45CCDF8CF7A9E315A2 /* KokoroVoices.swift in Sources */,
				6FA32A38C66DCCC765BDBEF1 /* LiquidGlass.swift in Sources */,
				63D6FC710829F1F899DDF039 /* Models.swift in Sources */,
				2E4096303B3515FBFEE1A2EE /* Paginator.swift in Sources */,
				32817F46D9C99D8C53547611 /* PanelActionsSettingsView.swift in Sources */,
				7EE153032F87D12DDB56A51C /* ReadableItem+Classification.swift in Sources */,
				4879BDFAEEF07E58309061D2 /* ReaderContentViews.swift in Sources */,
				6AD8816A6B0810A601ECB62A /* ReaderSettings.swift in Sources */,
				6C5F756CBE5880EFB348E536 /* ReaderSettingsSheet.swift in Sources */,
				0CECB721E301C953FFE7E68C /* ReaderTagPill.swift in Sources */,
				2256E94A5D3693CD4AE97057 /* ScrollInputViews.swift in Sources */,
				F2B26A4D534154D490750E03 /* ScrollState.swift in Sources */,
				D6E62A17CE2F4DF65053087E /* ScrollTextView+Analysis.swift in Sources */,
				65DD78710C6BC882FFCA6C48 /* ScrollTextView+AttributedText.swift in Sources */,
				1D41A129AD5604B8A17A1F83 /* ScrollTextView+Chapters.swift in Sources */,
				9F4D08315CFA403590F387CA /* ScrollTextView+ContentRendering.swift in Sources */,
				B6531C56E7F53620DF034242 /* ScrollTextView+Highlights.swift in Sources */,
				0FF0FBCF5AAA35EB8FE6C585 /* ScrollTextView+Pagination.swift in Sources */,
				DFC5DA7DA543B46EDFFDAEAD /* ScrollTextView.swift in Sources */,
				3D3B61240264B1470699CFA0 /* SettingsView.swift in Sources */,
				0B7CBA310B11C5BB31FC9422 /* SpinApp.swift in Sources */,
				E9A40FF5626A9FB4BC13F6A9 /* TrackpadSurface.swift in Sources */,
			);
			runOnlyForDeploymentPostprocessing = 0;
		};
/* End PBXSourcesBuildPhase section */

/* Begin PBXTargetDependency section */
		6CC1D6E02A43F5E922D7ED03 /* PBXTargetDependency */ = {
			isa = PBXTargetDependency;
			target = 77DA0374B3416EEC25AA99BC /* Spin */;
			targetProxy = B7A1ACA026C88C08B907151A /* PBXContainerItemProxy */;
		};
		F849B12023AE2380F0CA037A /* PBXTargetDependency */ = {
			isa = PBXTargetDependency;
			target = 77DA0374B3416EEC25AA99BC /* Spin */;
			targetProxy = 8CF1E5E3157BB2E7522972F9 /* PBXContainerItemProxy */;
		};
/* End PBXTargetDependency section */

/* Begin XCBuildConfiguration section */
		03327B87F7312258B0FB5D89 /* Release */ = {
			isa = XCBuildConfiguration;
			buildSettings = {
				ASSETCATALOG_COMPILER_APPICON_NAME = AppIcon;
				CODE_SIGN_IDENTITY = "iPhone Developer";
				CODE_SIGN_STYLE = Automatic;
				DEVELOPMENT_TEAM = 72P6RBSM9C;
				ENABLE_TESTABILITY = YES;
				INFOPLIST_FILE = Sources/Info.plist;
				LD_RUNPATH_SEARCH_PATHS = (
					"$(inherited)",
					"@executable_path/Frameworks",
				);
				PRODUCT_BUNDLE_IDENTIFIER = indivisible.spin.Spin;
				SDKROOT = iphoneos;
				SWIFT_VERSION = 6.0.3;
				TARGETED_DEVICE_FAMILY = "1,2";
			};
			name = Release;
		};
		1E5F01237284EA1CAC44EE54 /* Debug */ = {
			isa = XCBuildConfiguration;
			buildSettings = {
				ASSETCATALOG_COMPILER_APPICON_NAME = AppIcon;
				CODE_SIGN_IDENTITY = "iPhone Developer";
				CODE_SIGN_STYLE = Automatic;
				DEVELOPMENT_TEAM = 72P6RBSM9C;
				ENABLE_TESTABILITY = YES;
				INFOPLIST_FILE = Sources/Info.plist;
				LD_RUNPATH_SEARCH_PATHS = (
					"$(inherited)",
					"@executable_path/Frameworks",
				);
				PRODUCT_BUNDLE_IDENTIFIER = indivisible.spin.Spin;
				SDKROOT = iphoneos;
				SWIFT_VERSION = 6.0.3;
				TARGETED_DEVICE_FAMILY = "1,2";
			};
			name = Debug;
		};
		1E6605A79EB46904C808D6F5 /* Release */ = {
			isa = XCBuildConfiguration;
			buildSettings = {
				ALWAYS_SEARCH_USER_PATHS = NO;
				CLANG_ANALYZER_NONNULL = YES;
				CLANG_ANALYZER_NUMBER_OBJECT_CONVERSION = YES_AGGRESSIVE;
				CLANG_CXX_LANGUAGE_STANDARD = "gnu++14";
				CLANG_CXX_LIBRARY = "libc++";
				CLANG_ENABLE_MODULES = YES;
				CLANG_ENABLE_OBJC_ARC = YES;
				CLANG_ENABLE_OBJC_WEAK = YES;
				CLANG_WARN_BLOCK_CAPTURE_AUTORELEASING = YES;
				CLANG_WARN_BOOL_CONVERSION = YES;
				CLANG_WARN_COMMA = YES;
				CLANG_WARN_CONSTANT_CONVERSION = YES;
				CLANG_WARN_DEPRECATED_OBJC_IMPLEMENTATIONS = YES;
				CLANG_WARN_DIRECT_OBJC_ISA_USAGE = YES_ERROR;
				CLANG_WARN_DOCUMENTATION_COMMENTS = YES;
				CLANG_WARN_EMPTY_BODY = YES;
				CLANG_WARN_ENUM_CONVERSION = YES;
				CLANG_WARN_INFINITE_RECURSION = YES;
				CLANG_WARN_INT_CONVERSION = YES;
				CLANG_WARN_NON_LITERAL_NULL_CONVERSION = YES;
				CLANG_WARN_OBJC_IMPLICIT_RETAIN_SELF = YES;
				CLANG_WARN_OBJC_LITERAL_CONVERSION = YES;
				CLANG_WARN_OBJC_ROOT_CLASS = YES_ERROR;
				CLANG_WARN_QUOTED_INCLUDE_IN_FRAMEWORK_HEADER = YES;
				CLANG_WARN_RANGE_LOOP_ANALYSIS = YES;
				CLANG_WARN_STRICT_PROTOTYPES = YES;
				CLANG_WARN_SUSPICIOUS_MOVE = YES;
				CLANG_WARN_UNGUARDED_AVAILABILITY = YES_AGGRESSIVE;
				CLANG_WARN_UNREACHABLE_CODE = YES;
				CLANG_WARN__DUPLICATE_METHOD_MATCH = YES;
				COPY_PHASE_STRIP = NO;
				DEBUG_INFORMATION_FORMAT = "dwarf-with-dsym";
				ENABLE_NS_ASSERTIONS = NO;
				ENABLE_STRICT_OBJC_MSGSEND = YES;
				GCC_C_LANGUAGE_STANDARD = gnu11;
				GCC_NO_COMMON_BLOCKS = YES;
				GCC_WARN_64_TO_32_BIT_CONVERSION = YES;
				GCC_WARN_ABOUT_RETURN_TYPE = YES_ERROR;
				GCC_WARN_UNDECLARED_SELECTOR = YES;
				GCC_WARN_UNINITIALIZED_AUTOS = YES_AGGRESSIVE;
				GCC_WARN_UNUSED_FUNCTION = YES;
				GCC_WARN_UNUSED_VARIABLE = YES;
				IPHONEOS_DEPLOYMENT_TARGET = 18.1.1;
				MTL_ENABLE_DEBUG_INFO = NO;
				MTL_FAST_MATH = YES;
				PRODUCT_NAME = "$(TARGET_NAME)";
				SDKROOT = iphoneos;
				SWIFT_COMPILATION_MODE = wholemodule;
				SWIFT_OPTIMIZATION_LEVEL = "-O";
				SWIFT_VERSION = 5.0;
			};
			name = Release;
		};
		3510CAA5E68688F92BB44857 /* Release */ = {
			isa = XCBuildConfiguration;
			buildSettings = {
				BUNDLE_LOADER = "$(TEST_HOST)";
				LD_RUNPATH_SEARCH_PATHS = (
					"$(inherited)",
					"@executable_path/Frameworks",
					"@loader_path/Frameworks",
				);
				PRODUCT_BUNDLE_IDENTIFIER = indivisible.spin.SpinTests;
				SDKROOT = iphoneos;
				SWIFT_VERSION = 6.0.3;
				TARGETED_DEVICE_FAMILY = "1,2";
				TEST_HOST = "$(BUILT_PRODUCTS_DIR)/Spin.app/$(BUNDLE_EXECUTABLE_FOLDER_PATH)/Spin";
			};
			name = Release;
		};
		7696426CB16B6D42B79C7A53 /* Debug */ = {
			isa = XCBuildConfiguration;
			buildSettings = {
				BUNDLE_LOADER = "$(TEST_HOST)";
				LD_RUNPATH_SEARCH_PATHS = (
					"$(inherited)",
					"@executable_path/Frameworks",
					"@loader_path/Frameworks",
				);
				PRODUCT_BUNDLE_IDENTIFIER = indivisible.spin.SpinUITests;
				SDKROOT = iphoneos;
				SWIFT_VERSION = 6.0.3;
				TARGETED_DEVICE_FAMILY = "1,2";
				TEST_TARGET_NAME = Spin;
			};
			name = Debug;
		};
		A06D2AC4A72D880123F071ED /* Debug */ = {
			isa = XCBuildConfiguration;
			buildSettings = {
				BUNDLE_LOADER = "$(TEST_HOST)";
				LD_RUNPATH_SEARCH_PATHS = (
					"$(inherited)",
					"@executable_path/Frameworks",
					"@loader_path/Frameworks",
				);
				PRODUCT_BUNDLE_IDENTIFIER = indivisible.spin.SpinTests;
				SDKROOT = iphoneos;
				SWIFT_VERSION = 6.0.3;
				TARGETED_DEVICE_FAMILY = "1,2";
				TEST_HOST = "$(BUILT_PRODUCTS_DIR)/Spin.app/$(BUNDLE_EXECUTABLE_FOLDER_PATH)/Spin";
			};
			name = Debug;
		};
		E62E283863CD0EE4275E94C2 /* Debug */ = {
			isa = XCBuildConfiguration;
			buildSettings = {
				ALWAYS_SEARCH_USER_PATHS = NO;
				CLANG_ANALYZER_NONNULL = YES;
				CLANG_ANALYZER_NUMBER_OBJECT_CONVERSION = YES_AGGRESSIVE;
				CLANG_CXX_LANGUAGE_STANDARD = "gnu++14";
				CLANG_CXX_LIBRARY = "libc++";
				CLANG_ENABLE_MODULES = YES;
				CLANG_ENABLE_OBJC_ARC = YES;
				CLANG_ENABLE_OBJC_WEAK = YES;
				CLANG_WARN_BLOCK_CAPTURE_AUTORELEASING = YES;
				CLANG_WARN_BOOL_CONVERSION = YES;
				CLANG_WARN_COMMA = YES;
				CLANG_WARN_CONSTANT_CONVERSION = YES;
				CLANG_WARN_DEPRECATED_OBJC_IMPLEMENTATIONS = YES;
				CLANG_WARN_DIRECT_OBJC_ISA_USAGE = YES_ERROR;
				CLANG_WARN_DOCUMENTATION_COMMENTS = YES;
				CLANG_WARN_EMPTY_BODY = YES;
				CLANG_WARN_ENUM_CONVERSION = YES;
				CLANG_WARN_INFINITE_RECURSION = YES;
				CLANG_WARN_INT_CONVERSION = YES;
				CLANG_WARN_NON_LITERAL_NULL_CONVERSION = YES;
				CLANG_WARN_OBJC_IMPLICIT_RETAIN_SELF = YES;
				CLANG_WARN_OBJC_LITERAL_CONVERSION = YES;
				CLANG_WARN_OBJC_ROOT_CLASS = YES_ERROR;
				CLANG_WARN_QUOTED_INCLUDE_IN_FRAMEWORK_HEADER = YES;
				CLANG_WARN_RANGE_LOOP_ANALYSIS = YES;
				CLANG_WARN_STRICT_PROTOTYPES = YES;
				CLANG_WARN_SUSPICIOUS_MOVE = YES;
				CLANG_WARN_UNGUARDED_AVAILABILITY = YES_AGGRESSIVE;
				CLANG_WARN_UNREACHABLE_CODE = YES;
				CLANG_WARN__DUPLICATE_METHOD_MATCH = YES;
				COPY_PHASE_STRIP = NO;
				DEBUG_INFORMATION_FORMAT = dwarf;
				ENABLE_STRICT_OBJC_MSGSEND = YES;
				ENABLE_TESTABILITY = YES;
				GCC_C_LANGUAGE_STANDARD = gnu11;
				GCC_DYNAMIC_NO_PIC = NO;
				GCC_NO_COMMON_BLOCKS = YES;
				GCC_OPTIMIZATION_LEVEL = 0;
				GCC_PREPROCESSOR_DEFINITIONS = (
					"$(inherited)",
					"DEBUG=1",
				);
				GCC_WARN_64_TO_32_BIT_CONVERSION = YES;
				GCC_WARN_ABOUT_RETURN_TYPE = YES_ERROR;
				GCC_WARN_UNDECLARED_SELECTOR = YES;
				GCC_WARN_UNINITIALIZED_AUTOS = YES_AGGRESSIVE;
				GCC_WARN_UNUSED_FUNCTION = YES;
				GCC_WARN_UNUSED_VARIABLE = YES;
				IPHONEOS_DEPLOYMENT_TARGET = 18.1.1;
				MTL_ENABLE_DEBUG_INFO = INCLUDE_SOURCE;
				MTL_FAST_MATH = YES;
				ONLY_ACTIVE_ARCH = YES;
				PRODUCT_NAME = "$(TARGET_NAME)";
				SDKROOT = iphoneos;
				SWIFT_ACTIVE_COMPILATION_CONDITIONS = DEBUG;
				SWIFT_OPTIMIZATION_LEVEL = "-Onone";
				SWIFT_VERSION = 5.0;
			};
			name = Debug;
		};
		ED55CEEA242CC039820FFD1C /* Release */ = {
			isa = XCBuildConfiguration;
			buildSettings = {
				BUNDLE_LOADER = "$(TEST_HOST)";
				LD_RUNPATH_SEARCH_PATHS = (
					"$(inherited)",
					"@executable_path/Frameworks",
					"@loader_path/Frameworks",
				);
				PRODUCT_BUNDLE_IDENTIFIER = indivisible.spin.SpinUITests;
				SDKROOT = iphoneos;
				SWIFT_VERSION = 6.0.3;
				TARGETED_DEVICE_FAMILY = "1,2";
				TEST_TARGET_NAME = Spin;
			};
			name = Release;
		};
/* End XCBuildConfiguration section */

/* Begin XCConfigurationList section */
		569AF66956BEFC0D7A4B70E7 /* Build configuration list for PBXNativeTarget "SpinTests" */ = {
			isa = XCConfigurationList;
			buildConfigurations = (
				A06D2AC4A72D880123F071ED /* Debug */,
				3510CAA5E68688F92BB44857 /* Release */,
			);
			defaultConfigurationIsVisible = 0;
			defaultConfigurationName = Debug;
		};
		8D9FF6536C25A671EBA88259 /* Build configuration list for PBXNativeTarget "SpinUITests" */ = {
			isa = XCConfigurationList;
			buildConfigurations = (
				7696426CB16B6D42B79C7A53 /* Debug */,
				ED55CEEA242CC039820FFD1C /* Release */,
			);
			defaultConfigurationIsVisible = 0;
			defaultConfigurationName = Debug;
		};
		DBE517A032C4C16668F06129 /* Build configuration list for PBXNativeTarget "Spin" */ = {
			isa = XCConfigurationList;
			buildConfigurations = (
				1E5F01237284EA1CAC44EE54 /* Debug */,
				03327B87F7312258B0FB5D89 /* Release */,
			);
			defaultConfigurationIsVisible = 0;
			defaultConfigurationName = Debug;
		};
		E44DDBF95332A980FFDFC3EA /* Build configuration list for PBXProject "intelligent-ui-spinreader" */ = {
			isa = XCConfigurationList;
			buildConfigurations = (
				E62E283863CD0EE4275E94C2 /* Debug */,
				1E6605A79EB46904C808D6F5 /* Release */,
			);
			defaultConfigurationIsVisible = 0;
			defaultConfigurationName = Debug;
		};
/* End XCConfigurationList section */

/* Begin XCRemoteSwiftPackageReference section */
		2208CDB6FC58EA96E89944B0 /* XCRemoteSwiftPackageReference "MLXUtilsLibrary" */ = {
			isa = XCRemoteSwiftPackageReference;
			repositoryURL = "https://github.com/mlalma/MLXUtilsLibrary.git";
			requirement = {
				kind = upToNextMajorVersion;
				minimumVersion = 0.0.6;
			};
		};
		28F1A23BA2094EA27E1F6E24 /* XCRemoteSwiftPackageReference "kokoro-ios" */ = {
			isa = XCRemoteSwiftPackageReference;
			repositoryURL = "https://github.com/mlalma/kokoro-ios.git";
			requirement = {
				kind = upToNextMajorVersion;
				minimumVersion = 1.0.10;
			};
		};
		8D882C1D384CEAD969C8C90C /* XCRemoteSwiftPackageReference "OpenAI" */ = {
			isa = XCRemoteSwiftPackageReference;
			repositoryURL = "https://github.com/MacPaw/OpenAI";
			requirement = {
				kind = upToNextMajorVersion;
				minimumVersion = 0.3.0;
			};
		};
		EBE3D92551CB31D49C88EB2C /* XCRemoteSwiftPackageReference "mlx-swift" */ = {
			isa = XCRemoteSwiftPackageReference;
			repositoryURL = "https://github.com/ml-explore/mlx-swift";
			requirement = {
				kind = upToNextMajorVersion;
				minimumVersion = 0.29.1;
			};
		};
/* End XCRemoteSwiftPackageReference section */

/* Begin XCSwiftPackageProductDependency section */
		182627D19FF1A8C99DB0BB12 /* MLXUtilsLibrary */ = {
			isa = XCSwiftPackageProductDependency;
			package = 2208CDB6FC58EA96E89944B0 /* XCRemoteSwiftPackageReference "MLXUtilsLibrary" */;
			productName = MLXUtilsLibrary;
		};
		6225A5B46208F450EB102AC4 /* OpenAI */ = {
			isa = XCSwiftPackageProductDependency;
			package = 8D882C1D384CEAD969C8C90C /* XCRemoteSwiftPackageReference "OpenAI" */;
			productName = OpenAI;
		};
		81A96CC0E6E31CFC947832EE /* MLX */ = {
			isa = XCSwiftPackageProductDependency;
			package = EBE3D92551CB31D49C88EB2C /* XCRemoteSwiftPackageReference "mlx-swift" */;
			productName = MLX;
		};
		95ABC8680AE69D850F94AD23 /* KokoroSwift */ = {
			isa = XCSwiftPackageProductDependency;
			package = 28F1A23BA2094EA27E1F6E24 /* XCRemoteSwiftPackageReference "kokoro-ios" */;
			productName = KokoroSwift;
		};
/* End XCSwiftPackageProductDependency section */
	};
	rootObject = 11411B869AA4F318B1E2DF60 /* Project object */;
}
